
Microsoft Visual Studio Solution File, Format Version 12.00
# Visual Studio Version 17
VisualStudioVersion = 17.8.34525.116
MinimumVisualStudioVersion = 10.0.40219.1
Project("{FAE04EC0-301F-11D3-BF4B-00C04F79EFBC}") = "MessageBox.Blazor", "MessageBox.Blazor\MessageBox.Blazor.csproj", "{FD90AE9F-63FC-492D-AF47-87D520B4117C}"
EndProject
Global
	GlobalSection(SolutionConfigurationPlatforms) = preSolution
		Debug|Any CPU = Debug|Any CPU
		Release|Any CPU = Release|Any CPU
	EndGlobalSection
	GlobalSection(ProjectConfigurationPlatforms) = postSolution
		{FD90AE9F-63FC-492D-AF47-87D520B4117C}.Debug|Any CPU.ActiveCfg = Debug|Any CPU
		{FD90AE9F-63FC-492D-AF47-87D520B4117C}.Debug|Any CPU.Build.0 = Debug|Any CPU
		{FD90AE9F-63FC-492D-AF47-87D520B4117C}.Release|Any CPU.ActiveCfg = Release|Any CPU
		{FD90AE9F-63FC-492D-AF47-87D520B4117C}.Release|Any CPU.Build.0 = Release|Any CPU
	EndGlobalSection
	GlobalSection(SolutionProperties) = preSolution
		HideSolutionNode = FALSE
	EndGlobalSection
	GlobalSection(ExtensibilityGlobals) = postSolution
		SolutionGuid = {5C599B77-361D-47BC-8207-36D7AF72830D}
	EndGlobalSection
EndGlobal
